// !$*UTF8*$!
{
	archiveVersion = 1;
	classes = {
	};
	objectVersion = 46;
	objects = {

/* Begin PBXBuildFile section */
		C46A26FE20CD095000456D4C /* SettingsViewController.swift in Sources */ = {isa = PBXBuildFile; fileRef = C46A26FD20CD095000456D4C /* SettingsViewController.swift */; };
		C46A270020CD11B000456D4C /* MainTabBarController.swift in Sources */ = {isa = PBXBuildFile; fileRef = C46A26FF20CD11B000456D4C /* MainTabBarController.swift */; };
		C46A270220CD11F600456D4C /* HomeViewController.swift in Sources */ = {isa = PBXBuildFile; fileRef = C46A270120CD11F600456D4C /* HomeViewController.swift */; };
		C46A270420CD121300456D4C /* OrderViewController.swift in Sources */ = {isa = PBXBuildFile; fileRef = C46A270320CD121300456D4C /* OrderViewController.swift */; };
		C46A270620CD123900456D4C /* StatusViewController.swift in Sources */ = {isa = PBXBuildFile; fileRef = C46A270520CD123900456D4C /* StatusViewController.swift */; };
		C46A270820CD125D00456D4C /* UsersViewController.swift in Sources */ = {isa = PBXBuildFile; fileRef = C46A270720CD125D00456D4C /* UsersViewController.swift */; };
		C46A270C20CD32A800456D4C /* SettingsAddCafeViewController.swift in Sources */ = {isa = PBXBuildFile; fileRef = C46A270B20CD32A700456D4C /* SettingsAddCafeViewController.swift */; };
		C46A270E20CD36A000456D4C /* SettingsAddUserViewController.swift in Sources */ = {isa = PBXBuildFile; fileRef = C46A270D20CD36A000456D4C /* SettingsAddUserViewController.swift */; };
		C4D3804520CCCD1A00E38351 /* AppDelegate.swift in Sources */ = {isa = PBXBuildFile; fileRef = C4D3804420CCCD1A00E38351 /* AppDelegate.swift */; };
		C4D3804720CCCD1A00E38351 /* ViewController.swift in Sources */ = {isa = PBXBuildFile; fileRef = C4D3804620CCCD1A00E38351 /* ViewController.swift */; };
		C4D3804A20CCCD1A00E38351 /* Main.storyboard in Resources */ = {isa = PBXBuildFile; fileRef = C4D3804820CCCD1A00E38351 /* Main.storyboard */; };
		C4D3804D20CCCD1A00E38351 /* A2_SIT206.xcdatamodeld in Sources */ = {isa = PBXBuildFile; fileRef = C4D3804B20CCCD1A00E38351 /* A2_SIT206.xcdatamodeld */; };
		C4D3805220CCCD1A00E38351 /* LaunchScreen.storyboard in Resources */ = {isa = PBXBuildFile; fileRef = C4D3805020CCCD1A00E38351 /* LaunchScreen.storyboard */; };
		C4D3805B20CCD98B00E38351 /* CoreData.framework in Frameworks */ = {isa = PBXBuildFile; fileRef = C4D3805A20CCD98B00E38351 /* CoreData.framework */; };
		C4D3805D20CCDA0600E38351 /* User.swift in Sources */ = {isa = PBXBuildFile; fileRef = C4D3805C20CCDA0600E38351 /* User.swift */; };
		C4D3805F20CCDA1400E38351 /* Cafe.swift in Sources */ = {isa = PBXBuildFile; fileRef = C4D3805E20CCDA1400E38351 /* Cafe.swift */; };
		C4D3806120CCDA2C00E38351 /* Order.swift in Sources */ = {isa = PBXBuildFile; fileRef = C4D3806020CCDA2C00E38351 /* Order.swift */; };
		C4D3808520CCE4EE00E38351 /* Assets.xcassets in Resources */ = {isa = PBXBuildFile; fileRef = C4D3808420CCE4EE00E38351 /* Assets.xcassets */; };
/* End PBXBuildFile section */

/* Begin PBXFileReference section */
		C46A26FD20CD095000456D4C /* SettingsViewController.swift */ = {isa = PBXFileReference; fileEncoding = 4; lastKnownFileType = sourcecode.swift; path = SettingsViewController.swift; sourceTree = "<group>"; };
		C46A26FF20CD11B000456D4C /* MainTabBarController.swift */ = {isa = PBXFileReference; fileEncoding = 4; lastKnownFileType = sourcecode.swift; path = MainTabBarController.swift; sourceTree = "<group>"; };
		C46A270120CD11F600456D4C /* HomeViewController.swift */ = {isa = PBXFileReference; fileEncoding = 4; lastKnownFileType = sourcecode.swift; path = HomeViewController.swift; sourceTree = "<group>"; };
		C46A270320CD121300456D4C /* OrderViewController.swift */ = {isa = PBXFileReference; fileEncoding = 4; lastKnownFileType = sourcecode.swift; path = OrderViewController.swift; sourceTree = "<group>"; };
		C46A270520CD123900456D4C /* StatusViewController.swift */ = {isa = PBXFileReference; fileEncoding = 4; lastKnownFileType = sourcecode.swift; path = StatusViewController.swift; sourceTree = "<group>"; };
		C46A270720CD125D00456D4C /* UsersViewController.swift */ = {isa = PBXFileReference; fileEncoding = 4; lastKnownFileType = sourcecode.swift; path = UsersViewController.swift; sourceTree = "<group>"; };
		C46A270B20CD32A700456D4C /* SettingsAddCafeViewController.swift */ = {isa = PBXFileReference; fileEncoding = 4; lastKnownFileType = sourcecode.swift; path = SettingsAddCafeViewController.swift; sourceTree = "<group>"; };
		C46A270D20CD36A000456D4C /* SettingsAddUserViewController.swift */ = {isa = PBXFileReference; fileEncoding = 4; lastKnownFileType = sourcecode.swift; path = SettingsAddUserViewController.swift; sourceTree = "<group>"; };
		C4D3804120CCCD1A00E38351 /* A2_SIT206.app */ = {isa = PBXFileReference; explicitFileType = wrapper.application; includeInIndex = 0; path = A2_SIT206.app; sourceTree = BUILT_PRODUCTS_DIR; };
		C4D3804420CCCD1A00E38351 /* AppDelegate.swift */ = {isa = PBXFileReference; lastKnownFileType = sourcecode.swift; path = AppDelegate.swift; sourceTree = "<group>"; };
		C4D3804620CCCD1A00E38351 /* ViewController.swift */ = {isa = PBXFileReference; lastKnownFileType = sourcecode.swift; path = ViewController.swift; sourceTree = "<group>"; };
		C4D3804920CCCD1A00E38351 /* Base */ = {isa = PBXFileReference; lastKnownFileType = file.storyboard; name = Base; path = Base.lproj/Main.storyboard; sourceTree = "<group>"; };
		C4D3804C20CCCD1A00E38351 /* A2_SIT206.xcdatamodel */ = {isa = PBXFileReference; lastKnownFileType = wrapper.xcdatamodel; path = A2_SIT206.xcdatamodel; sourceTree = "<group>"; };
		C4D3805120CCCD1A00E38351 /* Base */ = {isa = PBXFileReference; lastKnownFileType = file.storyboard; name = Base; path = Base.lproj/LaunchScreen.storyboard; sourceTree = "<group>"; };
		C4D3805320CCCD1A00E38351 /* Info.plist */ = {isa = PBXFileReference; lastKnownFileType = text.plist.xml; path = Info.plist; sourceTree = "<group>"; };
		C4D3805A20CCD98B00E38351 /* CoreData.framework */ = {isa = PBXFileReference; lastKnownFileType = wrapper.framework; name = CoreData.framework; path = System/Library/Frameworks/CoreData.framework; sourceTree = SDKROOT; };
		C4D3805C20CCDA0600E38351 /* User.swift */ = {isa = PBXFileReference; fileEncoding = 4; lastKnownFileType = sourcecode.swift; path = User.swift; sourceTree = "<group>"; };
		C4D3805E20CCDA1400E38351 /* Cafe.swift */ = {isa = PBXFileReference; fileEncoding = 4; lastKnownFileType = sourcecode.swift; path = Cafe.swift; sourceTree = "<group>"; };
		C4D3806020CCDA2C00E38351 /* Order.swift */ = {isa = PBXFileReference; fileEncoding = 4; lastKnownFileType = sourcecode.swift; path = Order.swift; sourceTree = "<group>"; };
		C4D3808420CCE4EE00E38351 /* Assets.xcassets */ = {isa = PBXFileReference; lastKnownFileType = folder.assetcatalog; path = Assets.xcassets; sourceTree = "<group>"; };
/* End PBXFileReference section */

/* Begin PBXFrameworksBuildPhase section */
		C4D3803E20CCCD1A00E38351 /* Frameworks */ = {
			isa = PBXFrameworksBuildPhase;
			buildActionMask = 2147483647;
			files = (
				C4D3805B20CCD98B00E38351 /* CoreData.framework in Frameworks */,
			);
			runOnlyForDeploymentPostprocessing = 0;
		};
/* End PBXFrameworksBuildPhase section */

/* Begin PBXGroup section */
		C4D3803820CCCD1A00E38351 = {
			isa = PBXGroup;
			children = (
				C4D3804320CCCD1A00E38351 /* A2_SIT206 */,
				C4D3804220CCCD1A00E38351 /* Products */,
				C4D3805920CCD98B00E38351 /* Frameworks */,
			);
			sourceTree = "<group>";
		};
		C4D3804220CCCD1A00E38351 /* Products */ = {
			isa = PBXGroup;
			children = (
				C4D3804120CCCD1A00E38351 /* A2_SIT206.app */,
			);
			name = Products;
			sourceTree = "<group>";
		};
		C4D3804320CCCD1A00E38351 /* A2_SIT206 */ = {
			isa = PBXGroup;
			children = (
				C4D3806220CCE49500E38351 /* New Group */,
				C4D3804420CCCD1A00E38351 /* AppDelegate.swift */,
				C46A26FF20CD11B000456D4C /* MainTabBarController.swift */,
				C4D3804620CCCD1A00E38351 /* ViewController.swift */,
				C4D3804820CCCD1A00E38351 /* Main.storyboard */,
				C4D3805020CCCD1A00E38351 /* LaunchScreen.storyboard */,
				C4D3805320CCCD1A00E38351 /* Info.plist */,
				C4D3808420CCE4EE00E38351 /* Assets.xcassets */,
				C4D3804B20CCCD1A00E38351 /* A2_SIT206.xcdatamodeld */,
				C4D3805C20CCDA0600E38351 /* User.swift */,
				C4D3805E20CCDA1400E38351 /* Cafe.swift */,
				C4D3806020CCDA2C00E38351 /* Order.swift */,
				C46A26FD20CD095000456D4C /* SettingsViewController.swift */,
				C46A270120CD11F600456D4C /* HomeViewController.swift */,
				C46A270320CD121300456D4C /* OrderViewController.swift */,
				C46A270520CD123900456D4C /* StatusViewController.swift */,
				C46A270720CD125D00456D4C /* UsersViewController.swift */,
				C46A270B20CD32A700456D4C /* SettingsAddCafeViewController.swift */,
				C46A270D20CD36A000456D4C /* SettingsAddUserViewController.swift */,
			);
			path = A2_SIT206;
			sourceTree = "<group>";
		};
		C4D3805920CCD98B00E38351 /* Frameworks */ = {
			isa = PBXGroup;
			children = (
				C4D3805A20CCD98B00E38351 /* CoreData.framework */,
			);
			name = Frameworks;
			sourceTree = "<group>";
		};
		C4D3806220CCE49500E38351 /* New Group */ = {
			isa = PBXGroup;
			children = (
			);
			name = "New Group";
			sourceTree = "<group>";
		};
/* End PBXGroup section */

/* Begin PBXNativeTarget section */
		C4D3804020CCCD1A00E38351 /* A2_SIT206 */ = {
			isa = PBXNativeTarget;
			buildConfigurationList = C4D3805620CCCD1A00E38351 /* Build configuration list for PBXNativeTarget "A2_SIT206" */;
			buildPhases = (
				C4D3803D20CCCD1A00E38351 /* Sources */,
				C4D3803E20CCCD1A00E38351 /* Frameworks */,
				C4D3803F20CCCD1A00E38351 /* Resources */,
			);
			buildRules = (
			);
			dependencies = (
			);
			name = A2_SIT206;
			productName = A2_SIT206;
			productReference = C4D3804120CCCD1A00E38351 /* A2_SIT206.app */;
			productType = "com.apple.product-type.application";
		};
/* End PBXNativeTarget section */

/* Begin PBXProject section */
		C4D3803920CCCD1A00E38351 /* Project object */ = {
			isa = PBXProject;
			attributes = {
				LastSwiftUpdateCheck = 0820;
				LastUpgradeCheck = 0820;
				ORGANIZATIONNAME = Deakin;
				TargetAttributes = {
					C4D3804020CCCD1A00E38351 = {
						CreatedOnToolsVersion = 8.2.1;
						DevelopmentTeam = 24SM6522LU;
						ProvisioningStyle = Automatic;
					};
				};
			};
			buildConfigurationList = C4D3803C20CCCD1A00E38351 /* Build configuration list for PBXProject "A2_SIT206" */;
			compatibilityVersion = "Xcode 3.2";
			developmentRegion = English;
			hasScannedForEncodings = 0;
			knownRegions = (
				en,
				Base,
			);
			mainGroup = C4D3803820CCCD1A00E38351;
			productRefGroup = C4D3804220CCCD1A00E38351 /* Products */;
			projectDirPath = "";
			projectRoot = "";
			targets = (
				C4D3804020CCCD1A00E38351 /* A2_SIT206 */,
			);
		};
/* End PBXProject section */

/* Begin PBXResourcesBuildPhase section */
		C4D3803F20CCCD1A00E38351 /* Resources */ = {
			isa = PBXResourcesBuildPhase;
			buildActionMask = 2147483647;
			files = (
				C4D3805220CCCD1A00E38351 /* LaunchScreen.storyboard in Resources */,
				C4D3808520CCE4EE00E38351 /* Assets.xcassets in Resources */,
				C4D3804A20CCCD1A00E38351 /* Main.storyboard in Resources */,
			);
			runOnlyForDeploymentPostprocessing = 0;
		};
/* End PBXResourcesBuildPhase section */

/* Begin PBXSourcesBuildPhase section */
		C4D3803D20CCCD1A00E38351 /* Sources */ = {
			isa = PBXSourcesBuildPhase;
			buildActionMask = 2147483647;
			files = (
				C46A270E20CD36A000456D4C /* SettingsAddUserViewController.swift in Sources */,
				C46A270C20CD32A800456D4C /* SettingsAddCafeViewController.swift in Sources */,
				C4D3805D20CCDA0600E38351 /* User.swift in Sources */,
				C46A270820CD125D00456D4C /* UsersViewController.swift in Sources */,
				C46A270420CD121300456D4C /* OrderViewController.swift in Sources */,
				C4D3806120CCDA2C00E38351 /* Order.swift in Sources */,
				C46A270020CD11B000456D4C /* MainTabBarController.swift in Sources */,
				C46A26FE20CD095000456D4C /* SettingsViewController.swift in Sources */,
				C4D3804720CCCD1A00E38351 /* ViewController.swift in Sources */,
				C46A270220CD11F600456D4C /* HomeViewController.swift in Sources */,
				C4D3804520CCCD1A00E38351 /* AppDelegate.swift in Sources */,
				C4D3805F20CCDA1400E38351 /* Cafe.swift in Sources */,
				C46A270620CD123900456D4C /* StatusViewController.swift in Sources */,
				C4D3804D20CCCD1A00E38351 /* A2_SIT206.xcdatamodeld in Sources */,
			);
			runOnlyForDeploymentPostprocessing = 0;
		};
/* End PBXSourcesBuildPhase section */

/* Begin PBXVariantGroup section */
		C4D3804820CCCD1A00E38351 /* Main.storyboard */ = {
			isa = PBXVariantGroup;
			children = (
				C4D3804920CCCD1A00E38351 /* Base */,
			);
			name = Main.storyboard;
			sourceTree = "<group>";
		};
		C4D3805020CCCD1A00E38351 /* LaunchScreen.storyboard */ = {
			isa = PBXVariantGroup;
			children = (
				C4D3805120CCCD1A00E38351 /* Base */,
			);
			name = LaunchScreen.storyboard;
			sourceTree = "<group>";
		};
/* End PBXVariantGroup section */

/* Begin XCBuildConfiguration section */
		C4D3805420CCCD1A00E38351 /* Debug */ = {
			isa = XCBuildConfiguration;
			buildSettings = {
				ALWAYS_SEARCH_USER_PATHS = NO;
				CLANG_ANALYZER_NONNULL = YES;
				CLANG_CXX_LANGUAGE_STANDARD = "gnu++0x";
				CLANG_CXX_LIBRARY = "libc++";
				CLANG_ENABLE_MODULES = YES;
				CLANG_ENABLE_OBJC_ARC = YES;
				CLANG_WARN_BOOL_CONVERSION = YES;
				CLANG_WARN_CONSTANT_CONVERSION = YES;
				CLANG_WARN_DIRECT_OBJC_ISA_USAGE = YES_ERROR;
				CLANG_WARN_DOCUMENTATION_COMMENTS = YES;
				CLANG_WARN_EMPTY_BODY = YES;
				CLANG_WARN_ENUM_CONVERSION = YES;
				CLANG_WARN_INFINITE_RECURSION = YES;
				CLANG_WARN_INT_CONVERSION = YES;
				CLANG_WARN_OBJC_ROOT_CLASS = YES_ERROR;
				CLANG_WARN_SUSPICIOUS_MOVE = YES;
				CLANG_WARN_UNREACHABLE_CODE = YES;
				CLANG_WARN__DUPLICATE_METHOD_MATCH = YES;
				"CODE_SIGN_IDENTITY[sdk=iphoneos*]" = "iPhone Developer";
				COPY_PHASE_STRIP = NO;
				DEBUG_INFORMATION_FORMAT = dwarf;
				ENABLE_STRICT_OBJC_MSGSEND = YES;
				ENABLE_TESTABILITY = YES;
				GCC_C_LANGUAGE_STANDARD = gnu99;
				GCC_DYNAMIC_NO_PIC = NO;
				GCC_NO_COMMON_BLOCKS = YES;
				GCC_OPTIMIZATION_LEVEL = 0;
				GCC_PREPROCESSOR_DEFINITIONS = (
					"DEBUG=1",
					"$(inherited)",
				);
				GCC_WARN_64_TO_32_BIT_CONVERSION = YES;
				GCC_WARN_ABOUT_RETURN_TYPE = YES_ERROR;
				GCC_WARN_UNDECLARED_SELECTOR = YES;
				GCC_WARN_UNINITIALIZED_AUTOS = YES_AGGRESSIVE;
				GCC_WARN_UNUSED_FUNCTION = YES;
				GCC_WARN_UNUSED_VARIABLE = YES;
				IPHONEOS_DEPLOYMENT_TARGET = 10.2;
				MTL_ENABLE_DEBUG_INFO = YES;
				ONLY_ACTIVE_ARCH = YES;
				SDKROOT = iphoneos;
				SWIFT_ACTIVE_COMPILATION_CONDITIONS = DEBUG;
				SWIFT_OPTIMIZATION_LEVEL = "-Onone";
				TARGETED_DEVICE_FAMILY = "1,2";
			};
			name = Debug;
		};
		C4D3805520CCCD1A00E38351 /* Release */ = {
			isa = XCBuildConfiguration;
			buildSettings = {
				ALWAYS_SEARCH_USER_PATHS = NO;
				CLANG_ANALYZER_NONNULL = YES;
				CLANG_CXX_LANGUAGE_STANDARD = "gnu++0x";
				CLANG_CXX_LIBRARY = "libc++";
				CLANG_ENABLE_MODULES = YES;
				CLANG_ENABLE_OBJC_ARC = YES;
				CLANG_WARN_BOOL_CONVERSION = YES;
				CLANG_WARN_CONSTANT_CONVERSION = YES;
				CLANG_WARN_DIRECT_OBJC_ISA_USAGE = YES_ERROR;
				CLANG_WARN_DOCUMENTATION_COMMENTS = YES;
				CLANG_WARN_EMPTY_BODY = YES;
				CLANG_WARN_ENUM_CONVERSION = YES;
				CLANG_WARN_INFINITE_RECURSION = YES;
				CLANG_WARN_INT_CONVERSION = YES;
				CLANG_WARN_OBJC_ROOT_CLASS = YES_ERROR;
				CLANG_WARN_SUSPICIOUS_MOVE = YES;
				CLANG_WARN_UNREACHABLE_CODE = YES;
				CLANG_WARN__DUPLICATE_METHOD_MATCH = YES;
				"CODE_SIGN_IDENTITY[sdk=iphoneos*]" = "iPhone Developer";
				COPY_PHASE_STRIP = NO;
				DEBUG_INFORMATION_FORMAT = "dwarf-with-dsym";
				ENABLE_NS_ASSERTIONS = NO;
				ENABLE_STRICT_OBJC_MSGSEND = YES;
				GCC_C_LANGUAGE_STANDARD = gnu99;
				GCC_NO_COMMON_BLOCKS = YES;
				GCC_WARN_64_TO_32_BIT_CONVERSION = YES;
				GCC_WARN_ABOUT_RETURN_TYPE = YES_ERROR;
				GCC_WARN_UNDECLARED_SELECTOR = YES;
				GCC_WARN_UNINITIALIZED_AUTOS = YES_AGGRESSIVE;
				GCC_WARN_UNUSED_FUNCTION = YES;
				GCC_WARN_UNUSED_VARIABLE = YES;
				IPHONEOS_DEPLOYMENT_TARGET = 10.2;
				MTL_ENABLE_DEBUG_INFO = NO;
				SDKROOT = iphoneos;
				SWIFT_OPTIMIZATION_LEVEL = "-Owholemodule";
				TARGETED_DEVICE_FAMILY = "1,2";
				VALIDATE_PRODUCT = YES;
			};
			name = Release;
		};
		C4D3805720CCCD1A00E38351 /* Debug */ = {
			isa = XCBuildConfiguration;
			buildSettings = {
				ASSETCATALOG_COMPILER_APPICON_NAME = AppIcon;
				DEVELOPMENT_TEAM = 24SM6522LU;
				INFOPLIST_FILE = A2_SIT206/Info.plist;
				LD_RUNPATH_SEARCH_PATHS = "$(inherited) @executable_path/Frameworks";
				PRODUCT_BUNDLE_IDENTIFIER = "deakin.A2-SIT206";
				PRODUCT_NAME = "$(TARGET_NAME)";
				SWIFT_VERSION = 3.0;
				TARGETED_DEVICE_FAMILY = 2;
			};
			name = Debug;
		};
		C4D3805820CCCD1A00E38351 /* Release */ = {
			isa = XCBuildConfiguration;
			buildSettings = {
				ASSETCATALOG_COMPILER_APPICON_NAME = AppIcon;
				DEVELOPMENT_TEAM = 24SM6522LU;
				INFOPLIST_FILE = A2_SIT206/Info.plist;
				LD_RUNPATH_SEARCH_PATHS = "$(inherited) @executable_path/Frameworks";
				PRODUCT_BUNDLE_IDENTIFIER = "deakin.A2-SIT206";
				PRODUCT_NAME = "$(TARGET_NAME)";
				SWIFT_VERSION = 3.0;
				TARGETED_DEVICE_FAMILY = 2;
			};
			name = Release;
		};
/* End XCBuildConfiguration section */

/* Begin XCConfigurationList section */
		C4D3803C20CCCD1A00E38351 /* Build configuration list for PBXProject "A2_SIT206" */ = {
			isa = XCConfigurationList;
			buildConfigurations = (
				C4D3805420CCCD1A00E38351 /* Debug */,
				C4D3805520CCCD1A00E38351 /* Release */,
			);
			defaultConfigurationIsVisible = 0;
			defaultConfigurationName = Release;
		};
		C4D3805620CCCD1A00E38351 /* Build configuration list for PBXNativeTarget "A2_SIT206" */ = {
			isa = XCConfigurationList;
			buildConfigurations = (
				C4D3805720CCCD1A00E38351 /* Debug */,
				C4D3805820CCCD1A00E38351 /* Release */,
			);
			defaultConfigurationIsVisible = 0;
			defaultConfigurationName = Release;
		};
/* End XCConfigurationList section */

/* Begin XCVersionGroup section */
		C4D3804B20CCCD1A00E38351 /* A2_SIT206.xcdatamodeld */ = {
			isa = XCVersionGroup;
			children = (
				C4D3804C20CCCD1A00E38351 /* A2_SIT206.xcdatamodel */,
			);
			currentVersion = C4D3804C20CCCD1A00E38351 /* A2_SIT206.xcdatamodel */;
			path = A2_SIT206.xcdatamodeld;
			sourceTree = "<group>";
			versionGroupType = wrapper.xcdatamodel;
		};
/* End XCVersionGroup section */
	};
	rootObject = C4D3803920CCCD1A00E38351 /* Project object */;
}
